
Microsoft Visual Studio Solution File, Format Version 12.00
# Visual Studio Version 16
VisualStudioVersion = 16.0.31424.327
MinimumVisualStudioVersion = 10.0.40219.1
Project("{FAE04EC0-301F-11D3-BF4B-00C04F79EFBC}") = "IndianStatesCensusAnalyser", "IndianStatesCensusAnalyser\IndianStatesCensusAnalyser.csproj", "{1AF670B9-555A-4742-9A2C-B3D4ED054BE1}"
EndProject
Project("{FAE04EC0-301F-11D3-BF4B-00C04F79EFBC}") = "IndianCensusValidation", "IndianCensusValidation\IndianCensusValidation.csproj", "{1334E6BA-8D3B-4B67-8609-2F0B2EE6905D}"
EndProject
Global
	GlobalSection(SolutionConfigurationPlatforms) = preSolution
		Debug|Any CPU = Debug|Any CPU
		Release|Any CPU = Release|Any CPU
	EndGlobalSection
	GlobalSection(ProjectConfigurationPlatforms) = postSolution
		{1AF670B9-555A-4742-9A2C-B3D4ED054BE1}.Debug|Any CPU.ActiveCfg = Debug|Any CPU
		{1AF670B9-555A-4742-9A2C-B3D4ED054BE1}.Debug|Any CPU.Build.0 = Debug|Any CPU
		{1AF670B9-555A-4742-9A2C-B3D4ED054BE1}.Release|Any CPU.ActiveCfg = Release|Any CPU
		{1AF670B9-555A-4742-9A2C-B3D4ED054BE1}.Release|Any CPU.Build.0 = Release|Any CPU
		{1334E6BA-8D3B-4B67-8609-2F0B2EE6905D}.Debug|Any CPU.ActiveCfg = Debug|Any CPU
		{1334E6BA-8D3B-4B67-8609-2F0B2EE6905D}.Debug|Any CPU.Build.0 = Debug|Any CPU
		{1334E6BA-8D3B-4B67-8609-2F0B2EE6905D}.Release|Any CPU.ActiveCfg = Release|Any CPU
		{1334E6BA-8D3B-4B67-8609-2F0B2EE6905D}.Release|Any CPU.Build.0 = Release|Any CPU
	EndGlobalSection
	GlobalSection(SolutionProperties) = preSolution
		HideSolutionNode = FALSE
	EndGlobalSection
	GlobalSection(ExtensibilityGlobals) = postSolution
		SolutionGuid = {320528C5-FEDC-4967-ABE3-43715241E955}
	EndGlobalSection
EndGlobal
